// !$*UTF8*$!
{
	archiveVersion = 1;
	classes = {
	};
	objectVersion = 46;
	objects = {

/* Begin PBXBuildFile section */
		F33937351D05C5C000BBF205 /* AppDelegate.swift in Sources */ = {isa = PBXBuildFile; fileRef = F33937341D05C5C000BBF205 /* AppDelegate.swift */; };
		F33937371D05C5C000BBF205 /* ViewController.swift in Sources */ = {isa = PBXBuildFile; fileRef = F33937361D05C5C000BBF205 /* ViewController.swift */; };
		F339373A1D05C5C000BBF205 /* Main.storyboard in Resources */ = {isa = PBXBuildFile; fileRef = F33937381D05C5C000BBF205 /* Main.storyboard */; };
		F339373C1D05C5C000BBF205 /* Assets.xcassets in Resources */ = {isa = PBXBuildFile; fileRef = F339373B1D05C5C000BBF205 /* Assets.xcassets */; };
		F339373F1D05C5C000BBF205 /* LaunchScreen.storyboard in Resources */ = {isa = PBXBuildFile; fileRef = F339373D1D05C5C000BBF205 /* LaunchScreen.storyboard */; };
		F33937471D05CBF400BBF205 /* InteractiveStory.swift in Sources */ = {isa = PBXBuildFile; fileRef = F33937461D05CBF400BBF205 /* InteractiveStory.swift */; };
/* End PBXBuildFile section */

/* Begin PBXFileReference section */
		F33937311D05C5C000BBF205 /* InteractiveStory.app */ = {isa = PBXFileReference; explicitFileType = wrapper.application; includeInIndex = 0; path = InteractiveStory.app; sourceTree = BUILT_PRODUCTS_DIR; };
		F33937341D05C5C000BBF205 /* AppDelegate.swift */ = {isa = PBXFileReference; lastKnownFileType = sourcecode.swift; path = AppDelegate.swift; sourceTree = "<group>"; };
		F33937361D05C5C000BBF205 /* ViewController.swift */ = {isa = PBXFileReference; lastKnownFileType = sourcecode.swift; path = ViewController.swift; sourceTree = "<group>"; };
		F33937391D05C5C000BBF205 /* Base */ = {isa = PBXFileReference; lastKnownFileType = file.storyboard; name = Base; path = Base.lproj/Main.storyboard; sourceTree = "<group>"; };
		F339373B1D05C5C000BBF205 /* Assets.xcassets */ = {isa = PBXFileReference; lastKnownFileType = folder.assetcatalog; path = Assets.xcassets; sourceTree = "<group>"; };
		F339373E1D05C5C000BBF205 /* Base */ = {isa = PBXFileReference; lastKnownFileType = file.storyboard; name = Base; path = Base.lproj/LaunchScreen.storyboard; sourceTree = "<group>"; };
		F33937401D05C5C000BBF205 /* Info.plist */ = {isa = PBXFileReference; lastKnownFileType = text.plist.xml; path = Info.plist; sourceTree = "<group>"; };
		F33937461D05CBF400BBF205 /* InteractiveStory.swift */ = {isa = PBXFileReference; fileEncoding = 4; lastKnownFileType = sourcecode.swift; path = InteractiveStory.swift; sourceTree = "<group>"; };
/* End PBXFileReference section */

/* Begin PBXFrameworksBuildPhase section */
		F339372E1D05C5C000BBF205 /* Frameworks */ = {
			isa = PBXFrameworksBuildPhase;
			buildActionMask = 2147483647;
			files = (
			);
			runOnlyForDeploymentPostprocessing = 0;
		};
/* End PBXFrameworksBuildPhase section */

/* Begin PBXGroup section */
		F33937281D05C5BF00BBF205 = {
			isa = PBXGroup;
			children = (
				F33937331D05C5C000BBF205 /* InteractiveStory */,
				F33937321D05C5C000BBF205 /* Products */,
			);
			sourceTree = "<group>";
		};
		F33937321D05C5C000BBF205 /* Products */ = {
			isa = PBXGroup;
			children = (
				F33937311D05C5C000BBF205 /* InteractiveStory.app */,
			);
			name = Products;
			sourceTree = "<group>";
		};
		F33937331D05C5C000BBF205 /* InteractiveStory */ = {
			isa = PBXGroup;
			children = (
				F33937341D05C5C000BBF205 /* AppDelegate.swift */,
				F33937461D05CBF400BBF205 /* InteractiveStory.swift */,
				F33937361D05C5C000BBF205 /* ViewController.swift */,
				F33937381D05C5C000BBF205 /* Main.storyboard */,
				F339373B1D05C5C000BBF205 /* Assets.xcassets */,
				F339373D1D05C5C000BBF205 /* LaunchScreen.storyboard */,
				F33937401D05C5C000BBF205 /* Info.plist */,
			);
			path = InteractiveStory;
			sourceTree = "<group>";
		};
/* End PBXGroup section */

/* Begin PBXNativeTarget section */
		F33937301D05C5C000BBF205 /* InteractiveStory */ = {
			isa = PBXNativeTarget;
			buildConfigurationList = F33937431D05C5C000BBF205 /* Build configuration list for PBXNativeTarget "InteractiveStory" */;
			buildPhases = (
				F339372D1D05C5C000BBF205 /* Sources */,
				F339372E1D05C5C000BBF205 /* Frameworks */,
				F339372F1D05C5C000BBF205 /* Resources */,
			);
			buildRules = (
			);
			dependencies = (
			);
			name = InteractiveStory;
			productName = InteractiveStory;
			productReference = F33937311D05C5C000BBF205 /* InteractiveStory.app */;
			productType = "com.apple.product-type.application";
		};
/* End PBXNativeTarget section */

/* Begin PBXProject section */
		F33937291D05C5BF00BBF205 /* Project object */ = {
			isa = PBXProject;
			attributes = {
				LastSwiftUpdateCheck = 0730;
				LastUpgradeCheck = 0730;
				ORGANIZATIONNAME = "Jon Bachelor";
				TargetAttributes = {
					F33937301D05C5C000BBF205 = {
						CreatedOnToolsVersion = 7.3.1;
						DevelopmentTeam = KFLNENS369;
					};
				};
			};
			buildConfigurationList = F339372C1D05C5BF00BBF205 /* Build configuration list for PBXProject "InteractiveStory" */;
			compatibilityVersion = "Xcode 3.2";
			developmentRegion = English;
			hasScannedForEncodings = 0;
			knownRegions = (
				en,
				Base,
			);
			mainGroup = F33937281D05C5BF00BBF205;
			productRefGroup = F33937321D05C5C000BBF205 /* Products */;
			projectDirPath = "";
			projectRoot = "";
			targets = (
				F33937301D05C5C000BBF205 /* InteractiveStory */,
			);
		};
/* End PBXProject section */

/* Begin PBXResourcesBuildPhase section */
		F339372F1D05C5C000BBF205 /* Resources */ = {
			isa = PBXResourcesBuildPhase;
			buildActionMask = 2147483647;
			files = (
				F339373F1D05C5C000BBF205 /* LaunchScreen.storyboard in Resources */,
				F339373C1D05C5C000BBF205 /* Assets.xcassets in Resources */,
				F339373A1D05C5C000BBF205 /* Main.storyboard in Resources */,
			);
			runOnlyForDeploymentPostprocessing = 0;
		};
/* End PBXResourcesBuildPhase section */

/* Begin PBXSourcesBuildPhase section */
		F339372D1D05C5C000BBF205 /* Sources */ = {
			isa = PBXSourcesBuildPhase;
			buildActionMask = 2147483647;
			files = (
				F33937471D05CBF400BBF205 /* InteractiveStory.swift in Sources */,
				F33937371D05C5C000BBF205 /* ViewController.swift in Sources */,
				F33937351D05C5C000BBF205 /* AppDelegate.swift in Sources */,
			);
			runOnlyForDeploymentPostprocessing = 0;
		};
/* End PBXSourcesBuildPhase section */

/* Begin PBXVariantGroup section */
		F33937381D05C5C000BBF205 /* Main.storyboard */ = {
			isa = PBXVariantGroup;
			children = (
				F33937391D05C5C000BBF205 /* Base */,
			);
			name = Main.storyboard;
			sourceTree = "<group>";
		};
		F339373D1D05C5C000BBF205 /* LaunchScreen.storyboard */ = {
			isa = PBXVariantGroup;
			children = (
				F339373E1D05C5C000BBF205 /* Base */,
			);
			name = LaunchScreen.storyboard;
			sourceTree = "<group>";
		};
/* End PBXVariantGroup section */

/* Begin XCBuildConfiguration section */
		F33937411D05C5C000BBF205 /* Debug */ = {
			isa = XCBuildConfiguration;
			buildSettings = {
				ALWAYS_SEARCH_USER_PATHS = NO;
				CLANG_ANALYZER_NONNULL = YES;
				CLANG_CXX_LANGUAGE_STANDARD = "gnu++0x";
				CLANG_CXX_LIBRARY = "libc++";
				CLANG_ENABLE_MODULES = YES;
				CLANG_ENABLE_OBJC_ARC = YES;
				CLANG_WARN_BOOL_CONVERSION = YES;
				CLANG_WARN_CONSTANT_CONVERSION = YES;
				CLANG_WARN_DIRECT_OBJC_ISA_USAGE = YES_ERROR;
				CLANG_WARN_EMPTY_BODY = YES;
				CLANG_WARN_ENUM_CONVERSION = YES;
				CLANG_WARN_INT_CONVERSION = YES;
				CLANG_WARN_OBJC_ROOT_CLASS = YES_ERROR;
				CLANG_WARN_UNREACHABLE_CODE = YES;
				CLANG_WARN__DUPLICATE_METHOD_MATCH = YES;
				"CODE_SIGN_IDENTITY[sdk=iphoneos*]" = "iPhone Developer";
				COPY_PHASE_STRIP = NO;
				DEBUG_INFORMATION_FORMAT = dwarf;
				ENABLE_STRICT_OBJC_MSGSEND = YES;
				ENABLE_TESTABILITY = YES;
				GCC_C_LANGUAGE_STANDARD = gnu99;
				GCC_DYNAMIC_NO_PIC = NO;
				GCC_NO_COMMON_BLOCKS = YES;
				GCC_OPTIMIZATION_LEVEL = 0;
				GCC_PREPROCESSOR_DEFINITIONS = (
					"DEBUG=1",
					"$(inherited)",
				);
				GCC_WARN_64_TO_32_BIT_CONVERSION = YES;
				GCC_WARN_ABOUT_RETURN_TYPE = YES_ERROR;
				GCC_WARN_UNDECLARED_SELECTOR = YES;
				GCC_WARN_UNINITIALIZED_AUTOS = YES_AGGRESSIVE;
				GCC_WARN_UNUSED_FUNCTION = YES;
				GCC_WARN_UNUSED_VARIABLE = YES;
				IPHONEOS_DEPLOYMENT_TARGET = 9.3;
				MTL_ENABLE_DEBUG_INFO = YES;
				ONLY_ACTIVE_ARCH = YES;
				SDKROOT = iphoneos;
				SWIFT_OPTIMIZATION_LEVEL = "-Onone";
			};
			name = Debug;
		};
		F33937421D05C5C000BBF205 /* Release */ = {
			isa = XCBuildConfiguration;
			buildSettings = {
				ALWAYS_SEARCH_USER_PATHS = NO;
				CLANG_ANALYZER_NONNULL = YES;
				CLANG_CXX_LANGUAGE_STANDARD = "gnu++0x";
				CLANG_CXX_LIBRARY = "libc++";
				CLANG_ENABLE_MODULES = YES;
				CLANG_ENABLE_OBJC_ARC = YES;
				CLANG_WARN_BOOL_CONVERSION = YES;
				CLANG_WARN_CONSTANT_CONVERSION = YES;
				CLANG_WARN_DIRECT_OBJC_ISA_USAGE = YES_ERROR;
				CLANG_WARN_EMPTY_BODY = YES;
				CLANG_WARN_ENUM_CONVERSION = YES;
				CLANG_WARN_INT_CONVERSION = YES;
				CLANG_WARN_OBJC_ROOT_CLASS = YES_ERROR;
				CLANG_WARN_UNREACHABLE_CODE = YES;
				CLANG_WARN__DUPLICATE_METHOD_MATCH = YES;
				"CODE_SIGN_IDENTITY[sdk=iphoneos*]" = "iPhone Developer";
				COPY_PHASE_STRIP = NO;
				DEBUG_INFORMATION_FORMAT = "dwarf-with-dsym";
				ENABLE_NS_ASSERTIONS = NO;
				ENABLE_STRICT_OBJC_MSGSEND = YES;
				GCC_C_LANGUAGE_STANDARD = gnu99;
				GCC_NO_COMMON_BLOCKS = YES;
				GCC_WARN_64_TO_32_BIT_CONVERSION = YES;
				GCC_WARN_ABOUT_RETURN_TYPE = YES_ERROR;
				GCC_WARN_UNDECLARED_SELECTOR = YES;
				GCC_WARN_UNINITIALIZED_AUTOS = YES_AGGRESSIVE;
				GCC_WARN_UNUSED_FUNCTION = YES;
				GCC_WARN_UNUSED_VARIABLE = YES;
				IPHONEOS_DEPLOYMENT_TARGET = 9.3;
				MTL_ENABLE_DEBUG_INFO = NO;
				SDKROOT = iphoneos;
				VALIDATE_PRODUCT = YES;
			};
			name = Release;
		};
		F33937441D05C5C000BBF205 /* Debug */ = {
			isa = XCBuildConfiguration;
			buildSettings = {
				ASSETCATALOG_COMPILER_APPICON_NAME = AppIcon;
				INFOPLIST_FILE = InteractiveStory/Info.plist;
				LD_RUNPATH_SEARCH_PATHS = "$(inherited) @executable_path/Frameworks";
				PRODUCT_BUNDLE_IDENTIFIER = com.jonbachelor.InteractiveStory;
				PRODUCT_NAME = "$(TARGET_NAME)";
			};
			name = Debug;
		};
		F33937451D05C5C000BBF205 /* Release */ = {
			isa = XCBuildConfiguration;
			buildSettings = {
				ASSETCATALOG_COMPILER_APPICON_NAME = AppIcon;
				INFOPLIST_FILE = InteractiveStory/Info.plist;
				LD_RUNPATH_SEARCH_PATHS = "$(inherited) @executable_path/Frameworks";
				PRODUCT_BUNDLE_IDENTIFIER = com.jonbachelor.InteractiveStory;
				PRODUCT_NAME = "$(TARGET_NAME)";
			};
			name = Release;
		};
/* End XCBuildConfiguration section */

/* Begin XCConfigurationList section */
		F339372C1D05C5BF00BBF205 /* Build configuration list for PBXProject "InteractiveStory" */ = {
			isa = XCConfigurationList;
			buildConfigurations = (
				F33937411D05C5C000BBF205 /* Debug */,
				F33937421D05C5C000BBF205 /* Release */,
			);
			defaultConfigurationIsVisible = 0;
			defaultConfigurationName = Release;
		};
		F33937431D05C5C000BBF205 /* Build configuration list for PBXNativeTarget "InteractiveStory" */ = {
			isa = XCConfigurationList;
			buildConfigurations = (
				F33937441D05C5C000BBF205 /* Debug */,
				F33937451D05C5C000BBF205 /* Release */,
			);
			defaultConfigurationIsVisible = 0;
		};
/* End XCConfigurationList section */
	};
	rootObject = F33937291D05C5BF00BBF205 /* Project object */;
}
